
Microsoft Visual Studio Solution File, Format Version 12.00
# Visual Studio Version 17
VisualStudioVersion = 17.3.32922.545
MinimumVisualStudioVersion = 10.0.40219.1
Project("{9A19103F-16F7-4668-BE54-9A1E7A4F7556}") = "AQXBY9", "Homework\AQXBY9.csproj", "{EF767C0F-0273-4302-8FAB-D258F0E8E46D}"
EndProject
Global
	GlobalSection(SolutionConfigurationPlatforms) = preSolution
		Debug|Any CPU = Debug|Any CPU
		Release|Any CPU = Release|Any CPU
	EndGlobalSection
	GlobalSection(ProjectConfigurationPlatforms) = postSolution
		{EF767C0F-0273-4302-8FAB-D258F0E8E46D}.Debug|Any CPU.ActiveCfg = Debug|Any CPU
		{EF767C0F-0273-4302-8FAB-D258F0E8E46D}.Debug|Any CPU.Build.0 = Debug|Any CPU
		{EF767C0F-0273-4302-8FAB-D258F0E8E46D}.Release|Any CPU.ActiveCfg = Release|Any CPU
		{EF767C0F-0273-4302-8FAB-D258F0E8E46D}.Release|Any CPU.Build.0 = Release|Any CPU
	EndGlobalSection
	GlobalSection(SolutionProperties) = preSolution
		HideSolutionNode = FALSE
	EndGlobalSection
	GlobalSection(ExtensibilityGlobals) = postSolution
		SolutionGuid = {4AB93528-0406-4924-BC33-DB1EEADB4062}
	EndGlobalSection
EndGlobal
